<?xml version="1.0" encoding="utf-8"?>
<Project ToolsVersion="4.0" xmlns="http://schemas.microsoft.com/developer/msbuild/2003">
  <ItemGroup>
    <Filter Include="Source Files">
      <UniqueIdentifier>{4FC737F1-C7A5-4376-A066-2A32D752A2FF}</UniqueIdentifier>
      <Extensions>cpp;c;cc;cxx;def;odl;idl;hpj;bat;asm;asmx</Extensions>
    </Filter>
    <Filter Include="Header Files">
      <UniqueIdentifier>{93995380-89BD-4b04-88EB-625FBE52EBFB}</UniqueIdentifier>
      <Extensions>h;hh;hpp;hxx;hm;inl;inc;ipp;xsd</Extensions>
    </Filter>
    <Filter Include="Resource Files">
      <UniqueIdentifier>{67DA6AB6-F800-4c08-8B7A-83BB121AAD01}</UniqueIdentifier>
      <Extensions>rc;ico;cur;bmp;dlg;rc2;rct;bin;rgs;gif;jpg;jpeg;jpe;resx;tiff;tif;png;wav;mfcribbon-ms</Extensions>
    </Filter>
  </ItemGroup>
  <ItemGroup>
    <ClCompile Include="Source.cpp">
      <Filter>Source Files</Filter>
    </ClCompile>
    <ClCompile Include="AppValidationLayersAndExtensions.cpp">
      <Filter>Source Files</Filter>
    </ClCompile>
    <ClCompile Include="VulkanInstance.cpp">
      <Filter>Source Files</Filter>
    </ClCompile>
    <ClCompile Include="Device.cpp">
      <Filter>Source Files</Filter>
    </ClCompile>
    <ClCompile Include="Renderpass.cpp">
      <Filter>Source Files</Filter>
    </ClCompile>
    <ClCompile Include="SwapChain.cpp">
      <Filter>Source Files</Filter>
    </ClCompile>
    <ClCompile Include="Tools.cpp">
      <Filter>Source Files</Filter>
    </ClCompile>
    <ClCompile Include="DrawCommandBuffer.cpp">
      <Filter>Source Files</Filter>
    </ClCompile>
    <ClCompile Include="Descriptor.cpp">
      <Filter>Source Files</Filter>
    </ClCompile>
    <ClCompile Include="ObjectBuffers.cpp">
      <Filter>Source Files</Filter>
    </ClCompile>
    <ClCompile Include="Mesh.cpp">
      <Filter>Source Files</Filter>
    </ClCompile>
    <ClCompile Include="RenderTarget.cpp">
      <Filter>Source Files</Filter>
    </ClCompile>
    <ClCompile Include="VulkanContext.cpp">
      <Filter>Source Files</Filter>
    </ClCompile>
  </ItemGroup>
  <ItemGroup>
    <ClInclude Include="AppValidationLayersAndExtensions.h">
      <Filter>Source Files</Filter>
    </ClInclude>
    <ClInclude Include="VulkanInstance.h">
      <Filter>Source Files</Filter>
    </ClInclude>
    <ClInclude Include="Renderpass.h">
      <Filter>Source Files</Filter>
    </ClInclude>
    <ClInclude Include="SwapChain.h">
      <Filter>Source Files</Filter>
    </ClInclude>
    <ClInclude Include="Tools.h">
      <Filter>Source Files</Filter>
    </ClInclude>
    <ClInclude Include="DrawCommandBuffer.h">
      <Filter>Source Files</Filter>
    </ClInclude>
    <ClInclude Include="Descriptor.h">
      <Filter>Source Files</Filter>
    </ClInclude>
    <ClInclude Include="ObjectBuffers.h">
      <Filter>Source Files</Filter>
    </ClInclude>
    <ClInclude Include="Mesh.h">
      <Filter>Source Files</Filter>
    </ClInclude>
    <ClInclude Include="Device.h">
      <Filter>Source Files</Filter>
    </ClInclude>
    <ClInclude Include="RenderTarget.h">
      <Filter>Source Files</Filter>
    </ClInclude>
    <ClInclude Include="VulkanContext.h">
      <Filter>Source Files</Filter>
    </ClInclude>
  </ItemGroup>
  <ItemGroup>
    <None Include="shaders\basic.frag">
      <Filter>Resource Files</Filter>
    </None>
    <None Include="shaders\basic.vert">
      <Filter>Resource Files</Filter>
    </None>
  </ItemGroup>
</Project>